<?xml version="1.0" encoding="utf-8"?>
<Project ToolsVersion="4.0" xmlns="http://schemas.microsoft.com/developer/msbuild/2003">
  <ItemGroup>
    <Filter Include="소스 파일">
      <UniqueIdentifier>{4FC737F1-C7A5-4376-A066-2A32D752A2FF}</UniqueIdentifier>
      <Extensions>cpp;c;cc;cxx;def;odl;idl;hpj;bat;asm;asmx</Extensions>
    </Filter>
    <Filter Include="헤더 파일">
      <UniqueIdentifier>{93995380-89BD-4b04-88EB-625FBE52EBFB}</UniqueIdentifier>
      <Extensions>h;hh;hpp;hxx;hm;inl;inc;xsd</Extensions>
    </Filter>
    <Filter Include="리소스 파일">
      <UniqueIdentifier>{67DA6AB6-F800-4c08-8B7A-83BB121AAD01}</UniqueIdentifier>
      <Extensions>rc;ico;cur;bmp;dlg;rc2;rct;bin;rgs;gif;jpg;jpeg;jpe;resx;tiff;tif;png;wav;mfcribbon-ms</Extensions>
    </Filter>
    <Filter Include="Device">
      <UniqueIdentifier>{309eefdb-a655-4196-87bc-ca3e11d77819}</UniqueIdentifier>
    </Filter>
    <Filter Include="Main">
      <UniqueIdentifier>{d5b6903c-8386-488b-9027-aa20ff896d9f}</UniqueIdentifier>
    </Filter>
    <Filter Include="Common">
      <UniqueIdentifier>{5b6187ee-9a99-4e7a-9fda-3dec5a799316}</UniqueIdentifier>
    </Filter>
    <Filter Include="Common\Grid">
      <UniqueIdentifier>{b383ccba-29a8-482d-8d55-dded54c71d78}</UniqueIdentifier>
    </Filter>
    <Filter Include="Common\Grid\Pyramid">
      <UniqueIdentifier>{1abbdd1b-3d47-4d29-a7d2-38667e146500}</UniqueIdentifier>
    </Filter>
    <Filter Include="TestCamera">
      <UniqueIdentifier>{3ba0bf9c-f8b8-4280-800e-edf915b469f7}</UniqueIdentifier>
    </Filter>
    <Filter Include="TestCharacter">
      <UniqueIdentifier>{7fcfd0ce-918a-469d-a175-8537773d2042}</UniqueIdentifier>
    </Filter>
    <Filter Include="TestUI">
      <UniqueIdentifier>{f1bc5a27-0b4b-4edd-b25c-6c91d8c94f60}</UniqueIdentifier>
    </Filter>
    <Filter Include="Common\UI">
      <UniqueIdentifier>{c4cd569a-b070-4117-a591-f144759139ec}</UniqueIdentifier>
    </Filter>
    <Filter Include="Config">
      <UniqueIdentifier>{4733f3a2-952f-4bb2-952d-3e39aec2283b}</UniqueIdentifier>
    </Filter>
    <Filter Include="Common\MeshGroup">
      <UniqueIdentifier>{0fdec67a-282a-461d-afc7-62688072ea22}</UniqueIdentifier>
    </Filter>
    <Filter Include="Common\SkinnedMesh">
      <UniqueIdentifier>{82a7296f-1a25-4460-9ff3-e0c4915ed8ba}</UniqueIdentifier>
    </Filter>
    <Filter Include="Common\MeshGroup_OBJLoader">
      <UniqueIdentifier>{73bc9d28-20ba-40c6-bef0-44618c6dc1b0}</UniqueIdentifier>
    </Filter>
    <Filter Include="Common\MeshGroup_XLoader">
      <UniqueIdentifier>{f6c387bf-df1c-4bfe-8cad-75f900051e5e}</UniqueIdentifier>
    </Filter>
    <Filter Include="Common\SkinnedMesh_XLoader">
      <UniqueIdentifier>{7cc761c8-0324-4d53-888d-0c723bc6bf69}</UniqueIdentifier>
    </Filter>
    <Filter Include="TestMap">
      <UniqueIdentifier>{a973600c-c149-41f0-bcf5-260bf2de442f}</UniqueIdentifier>
    </Filter>
    <Filter Include="Character">
      <UniqueIdentifier>{7c94fee9-7e3b-4505-b61e-a23412ffcba5}</UniqueIdentifier>
    </Filter>
    <Filter Include="Character\Player">
      <UniqueIdentifier>{93a7e713-8c3f-428d-890c-7834fd1024cb}</UniqueIdentifier>
    </Filter>
    <Filter Include="Camera">
      <UniqueIdentifier>{54045c06-0cf9-4955-9c7c-df94659c41cc}</UniqueIdentifier>
    </Filter>
    <Filter Include="Scene">
      <UniqueIdentifier>{8a64672a-737b-412d-a16d-aaf0a6c67659}</UniqueIdentifier>
    </Filter>
    <Filter Include="Scene\Main">
      <UniqueIdentifier>{11615044-1d9e-47d2-97eb-c94b26e28c8c}</UniqueIdentifier>
    </Filter>
    <Filter Include="Scene\Entry">
      <UniqueIdentifier>{88f4a511-3cf5-4ac6-8713-90ca44f7cb01}</UniqueIdentifier>
    </Filter>
    <Filter Include="Scene\Game">
      <UniqueIdentifier>{503962e2-0953-4604-9c8d-229c86d7bbfc}</UniqueIdentifier>
    </Filter>
  </ItemGroup>
  <ItemGroup>
    <Text Include="ReadMe.txt" />
    <Text Include="170712- Portfolio Alice Madness.txt" />
  </ItemGroup>
  <ItemGroup>
    <ClInclude Include="stdafx.h">
      <Filter>헤더 파일</Filter>
    </ClInclude>
    <ClInclude Include="targetver.h">
      <Filter>헤더 파일</Filter>
    </ClInclude>
    <ClInclude Include="Resource.h">
      <Filter>헤더 파일</Filter>
    </ClInclude>
    <ClInclude Include="Portfolio Alice Madness.h">
      <Filter>헤더 파일</Filter>
    </ClInclude>
    <ClInclude Include="cDeviceManager.h">
      <Filter>Device</Filter>
    </ClInclude>
    <ClInclude Include="cMainGame.h">
      <Filter>Main</Filter>
    </ClInclude>
    <ClInclude Include="cTextureManager.h">
      <Filter>Common</Filter>
    </ClInclude>
    <ClInclude Include="cGrid.h">
      <Filter>Common\Grid</Filter>
    </ClInclude>
    <ClInclude Include="cPyramid.h">
      <Filter>Common\Grid\Pyramid</Filter>
    </ClInclude>
    <ClInclude Include="cTimeManager.h">
      <Filter>Common</Filter>
    </ClInclude>
    <ClInclude Include="cAllocateHierarchy.h">
      <Filter>Common\SkinnedMesh_XLoader</Filter>
    </ClInclude>
    <ClInclude Include="cKeyManager.h">
      <Filter>Common</Filter>
    </ClInclude>
    <ClInclude Include="cCameraTest.h">
      <Filter>TestCamera</Filter>
    </ClInclude>
    <ClInclude Include="cCharacterTest.h">
      <Filter>TestCharacter</Filter>
    </ClInclude>
    <ClInclude Include="cCharacter.h">
      <Filter>Character</Filter>
    </ClInclude>
    <ClInclude Include="cPlayer.h">
      <Filter>Character\Player</Filter>
    </ClInclude>
    <ClInclude Include="cSpriteImage.h">
      <Filter>Common\UI</Filter>
    </ClInclude>
    <ClInclude Include="cController.h">
      <Filter>Common\UI</Filter>
    </ClInclude>
    <ClInclude Include="cUITest.h">
      <Filter>TestUI</Filter>
    </ClInclude>
    <ClInclude Include="cBox.h">
      <Filter>Common\UI</Filter>
    </ClInclude>
    <ClInclude Include="cMap.h">
      <Filter>헤더 파일</Filter>
    </ClInclude>
    <ClInclude Include="cMeshGroup.h">
      <Filter>Common\MeshGroup</Filter>
    </ClInclude>
    <ClInclude Include="cMeshGroupManager.h">
      <Filter>Common\MeshGroup</Filter>
    </ClInclude>
    <ClInclude Include="cSkinnedMesh.h">
      <Filter>Common\SkinnedMesh</Filter>
    </ClInclude>
    <ClInclude Include="cSkinnedMeshManager.h">
      <Filter>Common\SkinnedMesh</Filter>
    </ClInclude>
    <ClInclude Include="cXLoader.h">
      <Filter>Common\MeshGroup_XLoader</Filter>
    </ClInclude>
    <ClInclude Include="cObjLoader.h">
      <Filter>Common\MeshGroup_OBJLoader</Filter>
    </ClInclude>
    <ClInclude Include="cMapTest.h">
      <Filter>TestMap</Filter>
    </ClInclude>
    <ClInclude Include="cHeightMap.h">
      <Filter>헤더 파일</Filter>
    </ClInclude>
    <ClInclude Include="cFontManager.h">
      <Filter>Common</Filter>
    </ClInclude>
    <ClInclude Include="cSPrintDevice.h">
      <Filter>Common</Filter>
    </ClInclude>
    <ClInclude Include="Util.h">
      <Filter>Common</Filter>
    </ClInclude>
    <ClInclude Include="cCamera.h">
      <Filter>Camera</Filter>
    </ClInclude>
    <ClInclude Include="cScene.h">
      <Filter>Scene</Filter>
    </ClInclude>
    <ClInclude Include="cMain.h">
      <Filter>Scene\Main</Filter>
    </ClInclude>
    <ClInclude Include="cEntry.h">
      <Filter>Scene\Entry</Filter>
    </ClInclude>
    <ClInclude Include="cWonderLand.h">
      <Filter>Scene\Game</Filter>
    </ClInclude>
    <ClInclude Include="iMap.h">
      <Filter>헤더 파일</Filter>
    </ClInclude>
    <ClInclude Include="cBolteFly.h">
      <Filter>헤더 파일</Filter>
    </ClInclude>
    <ClInclude Include="cBounding.h">
      <Filter>헤더 파일</Filter>
    </ClInclude>
    <ClInclude Include="cBoundingBox.h">
      <Filter>헤더 파일</Filter>
    </ClInclude>
    <ClInclude Include="cBoundingSphere.h">
      <Filter>헤더 파일</Filter>
    </ClInclude>
    <ClInclude Include="cEnemy.h">
      <Filter>헤더 파일</Filter>
    </ClInclude>
    <ClInclude Include="cGameManager.h">
      <Filter>헤더 파일</Filter>
    </ClInclude>
    <ClInclude Include="cGlobalData.h">
      <Filter>헤더 파일</Filter>
    </ClInclude>
    <ClInclude Include="cGrub.h">
      <Filter>헤더 파일</Filter>
    </ClInclude>
    <ClInclude Include="cGruntMini.h">
      <Filter>헤더 파일</Filter>
    </ClInclude>
    <ClInclude Include="cItemObject.h">
      <Filter>헤더 파일</Filter>
    </ClInclude>
    <ClInclude Include="cNoseSwitch.h">
      <Filter>헤더 파일</Filter>
    </ClInclude>
    <ClInclude Include="cObject.h">
      <Filter>헤더 파일</Filter>
    </ClInclude>
    <ClInclude Include="cRawLoader.h">
      <Filter>헤더 파일</Filter>
    </ClInclude>
    <ClInclude Include="cTerainObject.h">
      <Filter>헤더 파일</Filter>
    </ClInclude>
    <ClInclude Include="cTerrain.h">
      <Filter>헤더 파일</Filter>
    </ClInclude>
  </ItemGroup>
  <ItemGroup>
    <ClCompile Include="stdafx.cpp">
      <Filter>소스 파일</Filter>
    </ClCompile>
    <ClCompile Include="cDeviceManager.cpp">
      <Filter>Device</Filter>
    </ClCompile>
    <ClCompile Include="cMainGame.cpp">
      <Filter>Main</Filter>
    </ClCompile>
    <ClCompile Include="Portfolio Alice Madness.cpp">
      <Filter>Main</Filter>
    </ClCompile>
    <ClCompile Include="cTextureManager.cpp">
      <Filter>Common</Filter>
    </ClCompile>
    <ClCompile Include="cGrid.cpp">
      <Filter>Common\Grid</Filter>
    </ClCompile>
    <ClCompile Include="cPyramid.cpp">
      <Filter>Common\Grid\Pyramid</Filter>
    </ClCompile>
    <ClCompile Include="cTimeManager.cpp">
      <Filter>Common</Filter>
    </ClCompile>
    <ClCompile Include="cAllocateHierarchy.cpp">
      <Filter>Common\SkinnedMesh_XLoader</Filter>
    </ClCompile>
    <ClCompile Include="cKeyManager.cpp">
      <Filter>Common</Filter>
    </ClCompile>
    <ClCompile Include="cCameraTest.cpp">
      <Filter>TestCamera</Filter>
    </ClCompile>
    <ClCompile Include="cCharacterTest.cpp">
      <Filter>TestCharacter</Filter>
    </ClCompile>
    <ClCompile Include="cCharacter.cpp">
      <Filter>Character</Filter>
    </ClCompile>
    <ClCompile Include="cPlayer.cpp">
      <Filter>Character\Player</Filter>
    </ClCompile>
    <ClCompile Include="cSpriteImage.cpp">
      <Filter>Common\UI</Filter>
    </ClCompile>
    <ClCompile Include="cController.cpp">
      <Filter>Common\UI</Filter>
    </ClCompile>
    <ClCompile Include="cUITest.cpp">
      <Filter>TestUI</Filter>
    </ClCompile>
    <ClCompile Include="cBox.cpp">
      <Filter>Common\UI</Filter>
    </ClCompile>
    <ClCompile Include="cMap.cpp">
      <Filter>소스 파일</Filter>
    </ClCompile>
    <ClCompile Include="cMeshGroup.cpp">
      <Filter>Common\MeshGroup</Filter>
    </ClCompile>
    <ClCompile Include="cMeshGroupManager.cpp">
      <Filter>Common\MeshGroup</Filter>
    </ClCompile>
    <ClCompile Include="cSkinnedMesh.cpp">
      <Filter>Common\SkinnedMesh</Filter>
    </ClCompile>
    <ClCompile Include="cSkinnedMeshManager.cpp">
      <Filter>Common\SkinnedMesh</Filter>
    </ClCompile>
    <ClCompile Include="cXLoader.cpp">
      <Filter>Common\MeshGroup_XLoader</Filter>
    </ClCompile>
    <ClCompile Include="cObjLoader.cpp">
      <Filter>Common\MeshGroup_OBJLoader</Filter>
    </ClCompile>
    <ClCompile Include="cMapTest.cpp">
      <Filter>TestMap</Filter>
    </ClCompile>
    <ClCompile Include="cHeightMap.cpp">
      <Filter>소스 파일</Filter>
    </ClCompile>
    <ClCompile Include="cFontManager.cpp">
      <Filter>Common</Filter>
    </ClCompile>
    <ClCompile Include="cSPrintDevice.cpp">
      <Filter>Common</Filter>
    </ClCompile>
    <ClCompile Include="Util.cpp">
      <Filter>Common</Filter>
    </ClCompile>
    <ClCompile Include="cCamera.cpp">
      <Filter>Camera</Filter>
    </ClCompile>
    <ClCompile Include="cScene.cpp">
      <Filter>Scene</Filter>
    </ClCompile>
    <ClCompile Include="cMain.cpp">
      <Filter>Scene\Main</Filter>
    </ClCompile>
    <ClCompile Include="cEntry.cpp">
      <Filter>Scene\Entry</Filter>
    </ClCompile>
    <ClCompile Include="cWonderLand.cpp">
      <Filter>Scene\Game</Filter>
    </ClCompile>
    <ClCompile Include="iMap.cpp">
      <Filter>소스 파일</Filter>
    </ClCompile>
    <ClCompile Include="cBolteFly.cpp">
      <Filter>소스 파일</Filter>
    </ClCompile>
    <ClCompile Include="cBounding.cpp">
      <Filter>소스 파일</Filter>
    </ClCompile>
    <ClCompile Include="cBoundingBox.cpp">
      <Filter>소스 파일</Filter>
    </ClCompile>
    <ClCompile Include="cBoundingSphere.cpp">
      <Filter>소스 파일</Filter>
    </ClCompile>
    <ClCompile Include="cEnemy.cpp">
      <Filter>소스 파일</Filter>
    </ClCompile>
    <ClCompile Include="cGameManager.cpp">
      <Filter>소스 파일</Filter>
    </ClCompile>
    <ClCompile Include="cGlobalData.cpp">
      <Filter>소스 파일</Filter>
    </ClCompile>
    <ClCompile Include="cGrub.cpp">
      <Filter>소스 파일</Filter>
    </ClCompile>
    <ClCompile Include="cGruntMini.cpp">
      <Filter>소스 파일</Filter>
    </ClCompile>
    <ClCompile Include="cItemObject.cpp">
      <Filter>소스 파일</Filter>
    </ClCompile>
    <ClCompile Include="cNoseSwitch.cpp">
      <Filter>소스 파일</Filter>
    </ClCompile>
    <ClCompile Include="cObject.cpp">
      <Filter>소스 파일</Filter>
    </ClCompile>
    <ClCompile Include="cRawLoader.cpp">
      <Filter>소스 파일</Filter>
    </ClCompile>
    <ClCompile Include="cTerainObject.cpp">
      <Filter>소스 파일</Filter>
    </ClCompile>
    <ClCompile Include="cTerrain.cpp">
      <Filter>소스 파일</Filter>
    </ClCompile>
  </ItemGroup>
  <ItemGroup>
    <ResourceCompile Include="Portfolio Alice Madness.rc">
      <Filter>리소스 파일</Filter>
    </ResourceCompile>
  </ItemGroup>
  <ItemGroup>
    <Image Include="Alice2.ico">
      <Filter>리소스 파일</Filter>
    </Image>
  </ItemGroup>
</Project>